
Microsoft Visual Studio Solution File, Format Version 12.00
# Visual Studio 2013
VisualStudioVersion = 12.0.31101.0
MinimumVisualStudioVersion = 10.0.40219.1
Project("{2150E333-8FDC-42A3-9474-1A3956D46DE8}") = "HelloWorldApp", "HelloWorldApp", "{45544CF9-E0F0-45FD-B02D-57D79C415091}"
EndProject
Project("{D954291E-2A0B-460D-934E-DC6B0785DB48}") = "HelloWorldApp.Shared", "HelloWorldApp\HelloWorldApp.Shared\HelloWorldApp.Shared.shproj", "{A3FF5406-B238-411B-8D16-B8CE7D08ADD3}"
EndProject
Project("{FAE04EC0-301F-11D3-BF4B-00C04F79EFBC}") = "HelloWorldApp.Windows", "HelloWorldApp\HelloWorldApp.Windows\HelloWorldApp.Windows.csproj", "{F3A8D23F-A211-4644-9C6C-151527F8C6D5}"
EndProject
Project("{FAE04EC0-301F-11D3-BF4B-00C04F79EFBC}") = "HelloWorldApp.WindowsPhone", "HelloWorldApp\HelloWorldApp.WindowsPhone\HelloWorldApp.WindowsPhone.csproj", "{05598C48-C77B-48F6-956E-3011B14BF819}"
EndProject
Project("{2150E333-8FDC-42A3-9474-1A3956D46DE8}") = "Solution Items", "Solution Items", "{20BEDE3D-5823-4E77-BA6B-9A0464D38D93}"
	ProjectSection(SolutionItems) = preProject
		..\..\..\APPDATA\LOCAL\MICROSOFT\VISUALSTUDIO\12.0\EXTENSIONS\T3B410AC.ZRI\description.html = ..\..\..\APPDATA\LOCAL\MICROSOFT\VISUALSTUDIO\12.0\EXTENSIONS\T3B410AC.ZRI\description.html
	EndProjectSection
EndProject
Global
	GlobalSection(SharedMSBuildProjectFiles) = preSolution
		HelloWorldApp\HelloWorldApp.Shared\HelloWorldApp.Shared.projitems*{a3ff5406-b238-411b-8d16-b8ce7d08add3}*SharedItemsImports = 13
		HelloWorldApp\HelloWorldApp.Shared\HelloWorldApp.Shared.projitems*{05598c48-c77b-48f6-956e-3011b14bf819}*SharedItemsImports = 4
		HelloWorldApp\HelloWorldApp.Shared\HelloWorldApp.Shared.projitems*{f3a8d23f-a211-4644-9c6c-151527f8c6d5}*SharedItemsImports = 4
	EndGlobalSection
	GlobalSection(SolutionConfigurationPlatforms) = preSolution
		Debug|Any CPU = Debug|Any CPU
		Debug|ARM = Debug|ARM
		Debug|x64 = Debug|x64
		Debug|x86 = Debug|x86
		Release|Any CPU = Release|Any CPU
		Release|ARM = Release|ARM
		Release|x64 = Release|x64
		Release|x86 = Release|x86
	EndGlobalSection
	GlobalSection(ProjectConfigurationPlatforms) = postSolution
		{F3A8D23F-A211-4644-9C6C-151527F8C6D5}.Debug|Any CPU.ActiveCfg = Debug|Any CPU
		{F3A8D23F-A211-4644-9C6C-151527F8C6D5}.Debug|Any CPU.Build.0 = Debug|Any CPU
		{F3A8D23F-A211-4644-9C6C-151527F8C6D5}.Debug|Any CPU.Deploy.0 = Debug|Any CPU
		{F3A8D23F-A211-4644-9C6C-151527F8C6D5}.Debug|ARM.ActiveCfg = Debug|ARM
		{F3A8D23F-A211-4644-9C6C-151527F8C6D5}.Debug|ARM.Build.0 = Debug|ARM
		{F3A8D23F-A211-4644-9C6C-151527F8C6D5}.Debug|ARM.Deploy.0 = Debug|ARM
		{F3A8D23F-A211-4644-9C6C-151527F8C6D5}.Debug|x64.ActiveCfg = Debug|x64
		{F3A8D23F-A211-4644-9C6C-151527F8C6D5}.Debug|x64.Build.0 = Debug|x64
		{F3A8D23F-A211-4644-9C6C-151527F8C6D5}.Debug|x64.Deploy.0 = Debug|x64
		{F3A8D23F-A211-4644-9C6C-151527F8C6D5}.Debug|x86.ActiveCfg = Debug|x86
		{F3A8D23F-A211-4644-9C6C-151527F8C6D5}.Debug|x86.Build.0 = Debug|x86
		{F3A8D23F-A211-4644-9C6C-151527F8C6D5}.Debug|x86.Deploy.0 = Debug|x86
		{F3A8D23F-A211-4644-9C6C-151527F8C6D5}.Release|Any CPU.ActiveCfg = Release|Any CPU
		{F3A8D23F-A211-4644-9C6C-151527F8C6D5}.Release|Any CPU.Build.0 = Release|Any CPU
		{F3A8D23F-A211-4644-9C6C-151527F8C6D5}.Release|Any CPU.Deploy.0 = Release|Any CPU
		{F3A8D23F-A211-4644-9C6C-151527F8C6D5}.Release|ARM.ActiveCfg = Release|ARM
		{F3A8D23F-A211-4644-9C6C-151527F8C6D5}.Release|ARM.Build.0 = Release|ARM
		{F3A8D23F-A211-4644-9C6C-151527F8C6D5}.Release|ARM.Deploy.0 = Release|ARM
		{F3A8D23F-A211-4644-9C6C-151527F8C6D5}.Release|x64.ActiveCfg = Release|x64
		{F3A8D23F-A211-4644-9C6C-151527F8C6D5}.Release|x64.Build.0 = Release|x64
		{F3A8D23F-A211-4644-9C6C-151527F8C6D5}.Release|x64.Deploy.0 = Release|x64
		{F3A8D23F-A211-4644-9C6C-151527F8C6D5}.Release|x86.ActiveCfg = Release|x86
		{F3A8D23F-A211-4644-9C6C-151527F8C6D5}.Release|x86.Build.0 = Release|x86
		{F3A8D23F-A211-4644-9C6C-151527F8C6D5}.Release|x86.Deploy.0 = Release|x86
		{05598C48-C77B-48F6-956E-3011B14BF819}.Debug|Any CPU.ActiveCfg = Debug|Any CPU
		{05598C48-C77B-48F6-956E-3011B14BF819}.Debug|Any CPU.Build.0 = Debug|Any CPU
		{05598C48-C77B-48F6-956E-3011B14BF819}.Debug|Any CPU.Deploy.0 = Debug|Any CPU
		{05598C48-C77B-48F6-956E-3011B14BF819}.Debug|ARM.ActiveCfg = Debug|ARM
		{05598C48-C77B-48F6-956E-3011B14BF819}.Debug|ARM.Build.0 = Debug|ARM
		{05598C48-C77B-48F6-956E-3011B14BF819}.Debug|ARM.Deploy.0 = Debug|ARM
		{05598C48-C77B-48F6-956E-3011B14BF819}.Debug|x64.ActiveCfg = Debug|Any CPU
		{05598C48-C77B-48F6-956E-3011B14BF819}.Debug|x86.ActiveCfg = Debug|x86
		{05598C48-C77B-48F6-956E-3011B14BF819}.Debug|x86.Build.0 = Debug|x86
		{05598C48-C77B-48F6-956E-3011B14BF819}.Debug|x86.Deploy.0 = Debug|x86
		{05598C48-C77B-48F6-956E-3011B14BF819}.Release|Any CPU.ActiveCfg = Release|Any CPU
		{05598C48-C77B-48F6-956E-3011B14BF819}.Release|Any CPU.Build.0 = Release|Any CPU
		{05598C48-C77B-48F6-956E-3011B14BF819}.Release|Any CPU.Deploy.0 = Release|Any CPU
		{05598C48-C77B-48F6-956E-3011B14BF819}.Release|ARM.ActiveCfg = Release|ARM
		{05598C48-C77B-48F6-956E-3011B14BF819}.Release|ARM.Build.0 = Release|ARM
		{05598C48-C77B-48F6-956E-3011B14BF819}.Release|ARM.Deploy.0 = Release|ARM
		{05598C48-C77B-48F6-956E-3011B14BF819}.Release|x64.ActiveCfg = Release|Any CPU
		{05598C48-C77B-48F6-956E-3011B14BF819}.Release|x86.ActiveCfg = Release|x86
		{05598C48-C77B-48F6-956E-3011B14BF819}.Release|x86.Build.0 = Release|x86
		{05598C48-C77B-48F6-956E-3011B14BF819}.Release|x86.Deploy.0 = Release|x86
	EndGlobalSection
	GlobalSection(SolutionProperties) = preSolution
		HideSolutionNode = FALSE
	EndGlobalSection
	GlobalSection(NestedProjects) = preSolution
		{A3FF5406-B238-411B-8D16-B8CE7D08ADD3} = {45544CF9-E0F0-45FD-B02D-57D79C415091}
		{F3A8D23F-A211-4644-9C6C-151527F8C6D5} = {45544CF9-E0F0-45FD-B02D-57D79C415091}
		{05598C48-C77B-48F6-956E-3011B14BF819} = {45544CF9-E0F0-45FD-B02D-57D79C415091}
	EndGlobalSection
EndGlobal
